// !$*UTF8*$!
{
	archiveVersion = 1;
	classes = {
	};
	objectVersion = 50;
	objects = {

/* Begin PBXBuildFile section */
		4B1D525121237D24002331E6 /* VideoLauncher.swift in Sources */ = {isa = PBXBuildFile; fileRef = 4B1D525021237D24002331E6 /* VideoLauncher.swift */; };
		4BBCA52C2119ED3D00DBC519 /* AppDelegate.swift in Sources */ = {isa = PBXBuildFile; fileRef = 4BBCA52B2119ED3D00DBC519 /* AppDelegate.swift */; };
		4BBCA52E2119ED3D00DBC519 /* HomeController.swift in Sources */ = {isa = PBXBuildFile; fileRef = 4BBCA52D2119ED3D00DBC519 /* HomeController.swift */; };
		4BBCA5312119ED3D00DBC519 /* Main.storyboard in Resources */ = {isa = PBXBuildFile; fileRef = 4BBCA52F2119ED3D00DBC519 /* Main.storyboard */; };
		4BBCA5362119ED3E00DBC519 /* LaunchScreen.storyboard in Resources */ = {isa = PBXBuildFile; fileRef = 4BBCA5342119ED3E00DBC519 /* LaunchScreen.storyboard */; };
		4BBCA53F211A0FB200DBC519 /* Extensions.swift in Sources */ = {isa = PBXBuildFile; fileRef = 4BBCA53E211A0FB200DBC519 /* Extensions.swift */; };
		4BBCA542211A102300DBC519 /* VideoCell.swift in Sources */ = {isa = PBXBuildFile; fileRef = 4BBCA541211A102300DBC519 /* VideoCell.swift */; };
		4BBCA545211A11E400DBC519 /* MenuBar.swift in Sources */ = {isa = PBXBuildFile; fileRef = 4BBCA544211A11E400DBC519 /* MenuBar.swift */; };
		4BBCA547211A1F6900DBC519 /* Assets.xcassets in Resources */ = {isa = PBXBuildFile; fileRef = 4BBCA546211A1F6900DBC519 /* Assets.xcassets */; };
		4BBCA54A211A502900DBC519 /* Video.swift in Sources */ = {isa = PBXBuildFile; fileRef = 4BBCA549211A502900DBC519 /* Video.swift */; };
		4BF1F698212213B40043A812 /* ApiService.swift in Sources */ = {isa = PBXBuildFile; fileRef = 4BF1F697212213B40043A812 /* ApiService.swift */; };
		4BF1F69A21224F020043A812 /* FeedCell.swift in Sources */ = {isa = PBXBuildFile; fileRef = 4BF1F69921224F020043A812 /* FeedCell.swift */; };
		4BF1F69C212323AA0043A812 /* TrendingCellCollectionViewCell.swift in Sources */ = {isa = PBXBuildFile; fileRef = 4BF1F69B212323AA0043A812 /* TrendingCellCollectionViewCell.swift */; };
		4BF1F69E2123271D0043A812 /* SubscriptionCell.swift in Sources */ = {isa = PBXBuildFile; fileRef = 4BF1F69D2123271D0043A812 /* SubscriptionCell.swift */; };
		4BF24F9521209E1F0069C6C7 /* SettingsController.swift in Sources */ = {isa = PBXBuildFile; fileRef = 4BF24F9421209E1F0069C6C7 /* SettingsController.swift */; };
		4BF24F972120A7110069C6C7 /* SettingCell.swift in Sources */ = {isa = PBXBuildFile; fileRef = 4BF24F962120A7110069C6C7 /* SettingCell.swift */; };
/* End PBXBuildFile section */

/* Begin PBXFileReference section */
		4B1D525021237D24002331E6 /* VideoLauncher.swift */ = {isa = PBXFileReference; lastKnownFileType = sourcecode.swift; path = VideoLauncher.swift; sourceTree = "<group>"; };
		4BBCA5282119ED3D00DBC519 /* Youtube-Clone.app */ = {isa = PBXFileReference; explicitFileType = wrapper.application; includeInIndex = 0; path = "Youtube-Clone.app"; sourceTree = BUILT_PRODUCTS_DIR; };
		4BBCA52B2119ED3D00DBC519 /* AppDelegate.swift */ = {isa = PBXFileReference; lastKnownFileType = sourcecode.swift; path = AppDelegate.swift; sourceTree = "<group>"; };
		4BBCA52D2119ED3D00DBC519 /* HomeController.swift */ = {isa = PBXFileReference; lastKnownFileType = sourcecode.swift; path = HomeController.swift; sourceTree = "<group>"; };
		4BBCA5302119ED3D00DBC519 /* Base */ = {isa = PBXFileReference; lastKnownFileType = file.storyboard; name = Base; path = Base.lproj/Main.storyboard; sourceTree = "<group>"; };
		4BBCA5352119ED3E00DBC519 /* Base */ = {isa = PBXFileReference; lastKnownFileType = file.storyboard; name = Base; path = Base.lproj/LaunchScreen.storyboard; sourceTree = "<group>"; };
		4BBCA5372119ED3E00DBC519 /* Info.plist */ = {isa = PBXFileReference; lastKnownFileType = text.plist.xml; path = Info.plist; sourceTree = "<group>"; };
		4BBCA53E211A0FB200DBC519 /* Extensions.swift */ = {isa = PBXFileReference; lastKnownFileType = sourcecode.swift; path = Extensions.swift; sourceTree = "<group>"; };
		4BBCA541211A102300DBC519 /* VideoCell.swift */ = {isa = PBXFileReference; lastKnownFileType = sourcecode.swift; path = VideoCell.swift; sourceTree = "<group>"; };
		4BBCA544211A11E400DBC519 /* MenuBar.swift */ = {isa = PBXFileReference; lastKnownFileType = sourcecode.swift; path = MenuBar.swift; sourceTree = "<group>"; };
		4BBCA546211A1F6900DBC519 /* Assets.xcassets */ = {isa = PBXFileReference; lastKnownFileType = folder.assetcatalog; path = Assets.xcassets; sourceTree = "<group>"; };
		4BBCA549211A502900DBC519 /* Video.swift */ = {isa = PBXFileReference; lastKnownFileType = sourcecode.swift; path = Video.swift; sourceTree = "<group>"; };
		4BF1F697212213B40043A812 /* ApiService.swift */ = {isa = PBXFileReference; lastKnownFileType = sourcecode.swift; path = ApiService.swift; sourceTree = "<group>"; };
		4BF1F69921224F020043A812 /* FeedCell.swift */ = {isa = PBXFileReference; lastKnownFileType = sourcecode.swift; path = FeedCell.swift; sourceTree = "<group>"; };
		4BF1F69B212323AA0043A812 /* TrendingCellCollectionViewCell.swift */ = {isa = PBXFileReference; lastKnownFileType = sourcecode.swift; path = TrendingCellCollectionViewCell.swift; sourceTree = "<group>"; };
		4BF1F69D2123271D0043A812 /* SubscriptionCell.swift */ = {isa = PBXFileReference; lastKnownFileType = sourcecode.swift; path = SubscriptionCell.swift; sourceTree = "<group>"; };
		4BF24F9421209E1F0069C6C7 /* SettingsController.swift */ = {isa = PBXFileReference; lastKnownFileType = sourcecode.swift; path = SettingsController.swift; sourceTree = "<group>"; };
		4BF24F962120A7110069C6C7 /* SettingCell.swift */ = {isa = PBXFileReference; lastKnownFileType = sourcecode.swift; path = SettingCell.swift; sourceTree = "<group>"; };
/* End PBXFileReference section */

/* Begin PBXFrameworksBuildPhase section */
		4BBCA5252119ED3D00DBC519 /* Frameworks */ = {
			isa = PBXFrameworksBuildPhase;
			buildActionMask = 2147483647;
			files = (
			);
			runOnlyForDeploymentPostprocessing = 0;
		};
/* End PBXFrameworksBuildPhase section */

/* Begin PBXGroup section */
		4BBCA51F2119ED3D00DBC519 = {
			isa = PBXGroup;
			children = (
				4BBCA52A2119ED3D00DBC519 /* Youtube-Clone */,
				4BBCA5292119ED3D00DBC519 /* Products */,
			);
			sourceTree = "<group>";
		};
		4BBCA5292119ED3D00DBC519 /* Products */ = {
			isa = PBXGroup;
			children = (
				4BBCA5282119ED3D00DBC519 /* Youtube-Clone.app */,
			);
			name = Products;
			sourceTree = "<group>";
		};
		4BBCA52A2119ED3D00DBC519 /* Youtube-Clone */ = {
			isa = PBXGroup;
			children = (
				4BF1F696212213910043A812 /* ApiService */,
				4BBCA548211A501700DBC519 /* Models */,
				4BBCA543211A105E00DBC519 /* Controllers */,
				4BBCA540211A101500DBC519 /* Views */,
				4BBCA53D211A0F9900DBC519 /* Helpers */,
				4BBCA52B2119ED3D00DBC519 /* AppDelegate.swift */,
				4BBCA546211A1F6900DBC519 /* Assets.xcassets */,
				4BBCA52F2119ED3D00DBC519 /* Main.storyboard */,
				4BBCA5342119ED3E00DBC519 /* LaunchScreen.storyboard */,
				4BBCA5372119ED3E00DBC519 /* Info.plist */,
			);
			path = "Youtube-Clone";
			sourceTree = "<group>";
		};
		4BBCA53D211A0F9900DBC519 /* Helpers */ = {
			isa = PBXGroup;
			children = (
				4BBCA53E211A0FB200DBC519 /* Extensions.swift */,
				4B1D525021237D24002331E6 /* VideoLauncher.swift */,
			);
			path = Helpers;
			sourceTree = "<group>";
		};
		4BBCA540211A101500DBC519 /* Views */ = {
			isa = PBXGroup;
			children = (
				4BBCA541211A102300DBC519 /* VideoCell.swift */,
				4BBCA544211A11E400DBC519 /* MenuBar.swift */,
				4BF24F962120A7110069C6C7 /* SettingCell.swift */,
				4BF1F69921224F020043A812 /* FeedCell.swift */,
				4BF1F69B212323AA0043A812 /* TrendingCellCollectionViewCell.swift */,
				4BF1F69D2123271D0043A812 /* SubscriptionCell.swift */,
			);
			path = Views;
			sourceTree = "<group>";
		};
		4BBCA543211A105E00DBC519 /* Controllers */ = {
			isa = PBXGroup;
			children = (
				4BBCA52D2119ED3D00DBC519 /* HomeController.swift */,
				4BF24F9421209E1F0069C6C7 /* SettingsController.swift */,
			);
			path = Controllers;
			sourceTree = "<group>";
		};
		4BBCA548211A501700DBC519 /* Models */ = {
			isa = PBXGroup;
			children = (
				4BBCA549211A502900DBC519 /* Video.swift */,
			);
			path = Models;
			sourceTree = "<group>";
		};
		4BF1F696212213910043A812 /* ApiService */ = {
			isa = PBXGroup;
			children = (
				4BF1F697212213B40043A812 /* ApiService.swift */,
			);
			path = ApiService;
			sourceTree = "<group>";
		};
/* End PBXGroup section */

/* Begin PBXNativeTarget section */
		4BBCA5272119ED3D00DBC519 /* Youtube-Clone */ = {
			isa = PBXNativeTarget;
			buildConfigurationList = 4BBCA53A2119ED3E00DBC519 /* Build configuration list for PBXNativeTarget "Youtube-Clone" */;
			buildPhases = (
				4BBCA5242119ED3D00DBC519 /* Sources */,
				4BBCA5252119ED3D00DBC519 /* Frameworks */,
				4BBCA5262119ED3D00DBC519 /* Resources */,
			);
			buildRules = (
			);
			dependencies = (
			);
			name = "Youtube-Clone";
			productName = "Youtube-Clone";
			productReference = 4BBCA5282119ED3D00DBC519 /* Youtube-Clone.app */;
			productType = "com.apple.product-type.application";
		};
/* End PBXNativeTarget section */

/* Begin PBXProject section */
		4BBCA5202119ED3D00DBC519 /* Project object */ = {
			isa = PBXProject;
			attributes = {
				LastSwiftUpdateCheck = 0940;
				LastUpgradeCheck = 0940;
				ORGANIZATIONNAME = "andres murguido";
				TargetAttributes = {
					4BBCA5272119ED3D00DBC519 = {
						CreatedOnToolsVersion = 9.4.1;
					};
				};
			};
			buildConfigurationList = 4BBCA5232119ED3D00DBC519 /* Build configuration list for PBXProject "Youtube-Clone" */;
			compatibilityVersion = "Xcode 9.3";
			developmentRegion = en;
			hasScannedForEncodings = 0;
			knownRegions = (
				en,
				Base,
			);
			mainGroup = 4BBCA51F2119ED3D00DBC519;
			productRefGroup = 4BBCA5292119ED3D00DBC519 /* Products */;
			projectDirPath = "";
			projectRoot = "";
			targets = (
				4BBCA5272119ED3D00DBC519 /* Youtube-Clone */,
			);
		};
/* End PBXProject section */

/* Begin PBXResourcesBuildPhase section */
		4BBCA5262119ED3D00DBC519 /* Resources */ = {
			isa = PBXResourcesBuildPhase;
			buildActionMask = 2147483647;
			files = (
				4BBCA5362119ED3E00DBC519 /* LaunchScreen.storyboard in Resources */,
				4BBCA547211A1F6900DBC519 /* Assets.xcassets in Resources */,
				4BBCA5312119ED3D00DBC519 /* Main.storyboard in Resources */,
			);
			runOnlyForDeploymentPostprocessing = 0;
		};
/* End PBXResourcesBuildPhase section */

/* Begin PBXSourcesBuildPhase section */
		4BBCA5242119ED3D00DBC519 /* Sources */ = {
			isa = PBXSourcesBuildPhase;
			buildActionMask = 2147483647;
			files = (
				4BBCA52E2119ED3D00DBC519 /* HomeController.swift in Sources */,
				4BF1F69A21224F020043A812 /* FeedCell.swift in Sources */,
				4BBCA54A211A502900DBC519 /* Video.swift in Sources */,
				4BF24F972120A7110069C6C7 /* SettingCell.swift in Sources */,
				4BBCA542211A102300DBC519 /* VideoCell.swift in Sources */,
				4BF24F9521209E1F0069C6C7 /* SettingsController.swift in Sources */,
				4BF1F698212213B40043A812 /* ApiService.swift in Sources */,
				4B1D525121237D24002331E6 /* VideoLauncher.swift in Sources */,
				4BF1F69C212323AA0043A812 /* TrendingCellCollectionViewCell.swift in Sources */,
				4BBCA53F211A0FB200DBC519 /* Extensions.swift in Sources */,
				4BBCA52C2119ED3D00DBC519 /* AppDelegate.swift in Sources */,
				4BF1F69E2123271D0043A812 /* SubscriptionCell.swift in Sources */,
				4BBCA545211A11E400DBC519 /* MenuBar.swift in Sources */,
			);
			runOnlyForDeploymentPostprocessing = 0;
		};
/* End PBXSourcesBuildPhase section */

/* Begin PBXVariantGroup section */
		4BBCA52F2119ED3D00DBC519 /* Main.storyboard */ = {
			isa = PBXVariantGroup;
			children = (
				4BBCA5302119ED3D00DBC519 /* Base */,
			);
			name = Main.storyboard;
			sourceTree = "<group>";
		};
		4BBCA5342119ED3E00DBC519 /* LaunchScreen.storyboard */ = {
			isa = PBXVariantGroup;
			children = (
				4BBCA5352119ED3E00DBC519 /* Base */,
			);
			name = LaunchScreen.storyboard;
			sourceTree = "<group>";
		};
/* End PBXVariantGroup section */

/* Begin XCBuildConfiguration section */
		4BBCA5382119ED3E00DBC519 /* Debug */ = {
			isa = XCBuildConfiguration;
			buildSettings = {
				ALWAYS_SEARCH_USER_PATHS = NO;
				CLANG_ANALYZER_NONNULL = YES;
				CLANG_ANALYZER_NUMBER_OBJECT_CONVERSION = YES_AGGRESSIVE;
				CLANG_CXX_LANGUAGE_STANDARD = "gnu++14";
				CLANG_CXX_LIBRARY = "libc++";
				CLANG_ENABLE_MODULES = YES;
				CLANG_ENABLE_OBJC_ARC = YES;
				CLANG_ENABLE_OBJC_WEAK = YES;
				CLANG_WARN_BLOCK_CAPTURE_AUTORELEASING = YES;
				CLANG_WARN_BOOL_CONVERSION = YES;
				CLANG_WARN_COMMA = YES;
				CLANG_WARN_CONSTANT_CONVERSION = YES;
				CLANG_WARN_DEPRECATED_OBJC_IMPLEMENTATIONS = YES;
				CLANG_WARN_DIRECT_OBJC_ISA_USAGE = YES_ERROR;
				CLANG_WARN_DOCUMENTATION_COMMENTS = YES;
				CLANG_WARN_EMPTY_BODY = YES;
				CLANG_WARN_ENUM_CONVERSION = YES;
				CLANG_WARN_INFINITE_RECURSION = YES;
				CLANG_WARN_INT_CONVERSION = YES;
				CLANG_WARN_NON_LITERAL_NULL_CONVERSION = YES;
				CLANG_WARN_OBJC_IMPLICIT_RETAIN_SELF = YES;
				CLANG_WARN_OBJC_LITERAL_CONVERSION = YES;
				CLANG_WARN_OBJC_ROOT_CLASS = YES_ERROR;
				CLANG_WARN_RANGE_LOOP_ANALYSIS = YES;
				CLANG_WARN_STRICT_PROTOTYPES = YES;
				CLANG_WARN_SUSPICIOUS_MOVE = YES;
				CLANG_WARN_UNGUARDED_AVAILABILITY = YES_AGGRESSIVE;
				CLANG_WARN_UNREACHABLE_CODE = YES;
				CLANG_WARN__DUPLICATE_METHOD_MATCH = YES;
				CODE_SIGN_IDENTITY = "iPhone Developer";
				COPY_PHASE_STRIP = NO;
				DEBUG_INFORMATION_FORMAT = dwarf;
				ENABLE_STRICT_OBJC_MSGSEND = YES;
				ENABLE_TESTABILITY = YES;
				GCC_C_LANGUAGE_STANDARD = gnu11;
				GCC_DYNAMIC_NO_PIC = NO;
				GCC_NO_COMMON_BLOCKS = YES;
				GCC_OPTIMIZATION_LEVEL = 0;
				GCC_PREPROCESSOR_DEFINITIONS = (
					"DEBUG=1",
					"$(inherited)",
				);
				GCC_WARN_64_TO_32_BIT_CONVERSION = YES;
				GCC_WARN_ABOUT_RETURN_TYPE = YES_ERROR;
				GCC_WARN_UNDECLARED_SELECTOR = YES;
				GCC_WARN_UNINITIALIZED_AUTOS = YES_AGGRESSIVE;
				GCC_WARN_UNUSED_FUNCTION = YES;
				GCC_WARN_UNUSED_VARIABLE = YES;
				IPHONEOS_DEPLOYMENT_TARGET = 11.4;
				MTL_ENABLE_DEBUG_INFO = YES;
				ONLY_ACTIVE_ARCH = YES;
				SDKROOT = iphoneos;
				SWIFT_ACTIVE_COMPILATION_CONDITIONS = DEBUG;
				SWIFT_OPTIMIZATION_LEVEL = "-Onone";
			};
			name = Debug;
		};
		4BBCA5392119ED3E00DBC519 /* Release */ = {
			isa = XCBuildConfiguration;
			buildSettings = {
				ALWAYS_SEARCH_USER_PATHS = NO;
				CLANG_ANALYZER_NONNULL = YES;
				CLANG_ANALYZER_NUMBER_OBJECT_CONVERSION = YES_AGGRESSIVE;
				CLANG_CXX_LANGUAGE_STANDARD = "gnu++14";
				CLANG_CXX_LIBRARY = "libc++";
				CLANG_ENABLE_MODULES = YES;
				CLANG_ENABLE_OBJC_ARC = YES;
				CLANG_ENABLE_OBJC_WEAK = YES;
				CLANG_WARN_BLOCK_CAPTURE_AUTORELEASING = YES;
				CLANG_WARN_BOOL_CONVERSION = YES;
				CLANG_WARN_COMMA = YES;
				CLANG_WARN_CONSTANT_CONVERSION = YES;
				CLANG_WARN_DEPRECATED_OBJC_IMPLEMENTATIONS = YES;
				CLANG_WARN_DIRECT_OBJC_ISA_USAGE = YES_ERROR;
				CLANG_WARN_DOCUMENTATION_COMMENTS = YES;
				CLANG_WARN_EMPTY_BODY = YES;
				CLANG_WARN_ENUM_CONVERSION = YES;
				CLANG_WARN_INFINITE_RECURSION = YES;
				CLANG_WARN_INT_CONVERSION = YES;
				CLANG_WARN_NON_LITERAL_NULL_CONVERSION = YES;
				CLANG_WARN_OBJC_IMPLICIT_RETAIN_SELF = YES;
				CLANG_WARN_OBJC_LITERAL_CONVERSION = YES;
				CLANG_WARN_OBJC_ROOT_CLASS = YES_ERROR;
				CLANG_WARN_RANGE_LOOP_ANALYSIS = YES;
				CLANG_WARN_STRICT_PROTOTYPES = YES;
				CLANG_WARN_SUSPICIOUS_MOVE = YES;
				CLANG_WARN_UNGUARDED_AVAILABILITY = YES_AGGRESSIVE;
				CLANG_WARN_UNREACHABLE_CODE = YES;
				CLANG_WARN__DUPLICATE_METHOD_MATCH = YES;
				CODE_SIGN_IDENTITY = "iPhone Developer";
				COPY_PHASE_STRIP = NO;
				DEBUG_INFORMATION_FORMAT = "dwarf-with-dsym";
				ENABLE_NS_ASSERTIONS = NO;
				ENABLE_STRICT_OBJC_MSGSEND = YES;
				GCC_C_LANGUAGE_STANDARD = gnu11;
				GCC_NO_COMMON_BLOCKS = YES;
				GCC_WARN_64_TO_32_BIT_CONVERSION = YES;
				GCC_WARN_ABOUT_RETURN_TYPE = YES_ERROR;
				GCC_WARN_UNDECLARED_SELECTOR = YES;
				GCC_WARN_UNINITIALIZED_AUTOS = YES_AGGRESSIVE;
				GCC_WARN_UNUSED_FUNCTION = YES;
				GCC_WARN_UNUSED_VARIABLE = YES;
				IPHONEOS_DEPLOYMENT_TARGET = 11.4;
				MTL_ENABLE_DEBUG_INFO = NO;
				SDKROOT = iphoneos;
				SWIFT_COMPILATION_MODE = wholemodule;
				SWIFT_OPTIMIZATION_LEVEL = "-O";
				VALIDATE_PRODUCT = YES;
			};
			name = Release;
		};
		4BBCA53B2119ED3E00DBC519 /* Debug */ = {
			isa = XCBuildConfiguration;
			buildSettings = {
				ASSETCATALOG_COMPILER_APPICON_NAME = AppIcon;
				CODE_SIGN_STYLE = Automatic;
				DEVELOPMENT_TEAM = 2KR74K4LPQ;
				INFOPLIST_FILE = "Youtube-Clone/Info.plist";
				LD_RUNPATH_SEARCH_PATHS = (
					"$(inherited)",
					"@executable_path/Frameworks",
				);
				PRODUCT_BUNDLE_IDENTIFIER = "com.andresMurguido.Youtube-Clone";
				PRODUCT_NAME = "$(TARGET_NAME)";
				SWIFT_VERSION = 4.0;
				TARGETED_DEVICE_FAMILY = "1,2";
			};
			name = Debug;
		};
		4BBCA53C2119ED3E00DBC519 /* Release */ = {
			isa = XCBuildConfiguration;
			buildSettings = {
				ASSETCATALOG_COMPILER_APPICON_NAME = AppIcon;
				CODE_SIGN_STYLE = Automatic;
				DEVELOPMENT_TEAM = 2KR74K4LPQ;
				INFOPLIST_FILE = "Youtube-Clone/Info.plist";
				LD_RUNPATH_SEARCH_PATHS = (
					"$(inherited)",
					"@executable_path/Frameworks",
				);
				PRODUCT_BUNDLE_IDENTIFIER = "com.andresMurguido.Youtube-Clone";
				PRODUCT_NAME = "$(TARGET_NAME)";
				SWIFT_VERSION = 4.0;
				TARGETED_DEVICE_FAMILY = "1,2";
			};
			name = Release;
		};
/* End XCBuildConfiguration section */

/* Begin XCConfigurationList section */
		4BBCA5232119ED3D00DBC519 /* Build configuration list for PBXProject "Youtube-Clone" */ = {
			isa = XCConfigurationList;
			buildConfigurations = (
				4BBCA5382119ED3E00DBC519 /* Debug */,
				4BBCA5392119ED3E00DBC519 /* Release */,
			);
			defaultConfigurationIsVisible = 0;
			defaultConfigurationName = Release;
		};
		4BBCA53A2119ED3E00DBC519 /* Build configuration list for PBXNativeTarget "Youtube-Clone" */ = {
			isa = XCConfigurationList;
			buildConfigurations = (
				4BBCA53B2119ED3E00DBC519 /* Debug */,
				4BBCA53C2119ED3E00DBC519 /* Release */,
			);
			defaultConfigurationIsVisible = 0;
			defaultConfigurationName = Release;
		};
/* End XCConfigurationList section */
	};
	rootObject = 4BBCA5202119ED3D00DBC519 /* Project object */;
}
